PODS:
  - blue_thermal_printer (0.0.1):
    - FlutterMacOS
  - flutter_blue_plus (0.0.1):
    - FlutterMacOS
  - FlutterMacOS (1.0.0)
  - za_blue_printer (0.0.1):
    - FlutterMacOS

DEPENDENCIES:
  - blue_thermal_printer (from `Flutter/ephemeral/.symlinks/plugins/blue_thermal_printer/macos`)
  - flutter_blue_plus (from `Flutter/ephemeral/.symlinks/plugins/flutter_blue_plus/macos`)
  - FlutterMacOS (from `Flutter/ephemeral`)
  - za_blue_printer (from `Flutter/ephemeral/.symlinks/plugins/za_blue_printer/macos`)

EXTERNAL SOURCES:
  blue_thermal_printer:
    :path: Flutter/ephemeral/.symlinks/plugins/blue_thermal_printer/macos
  flutter_blue_plus:
    :path: Flutter/ephemeral/.symlinks/plugins/flutter_blue_plus/macos
  FlutterMacOS:
    :path: Flutter/ephemeral
  za_blue_printer:
    :path: Flutter/ephemeral/.symlinks/plugins/za_blue_printer/macos

SPEC CHECKSUMS:
  blue_thermal_printer: 494b028e41af810b7d3c0995973355486a28e4b0
  flutter_blue_plus: dfaef8c6b52955205b65e6ea88659c68570dd563
  FlutterMacOS: 8f6f14fa908a6fb3fba0cd85dbd81ec4b251fb24
  za_blue_printer: 8956713ff762b2290f5601ede0847bd197fc68ea

PODFILE CHECKSUM: 236401fc2c932af29a9fcf0e97baeeb2d750d367

COCOAPODS: 1.16.2
