PODS:
  - blue_thermal_printer (0.0.1):
    - Flutter
  - Flutter (1.0.0)
  - flutter_blue_plus (0.0.1):
    - Flutter
  - za_blue_printer (0.0.1):
    - Flutter

DEPENDENCIES:
  - blue_thermal_printer (from `.symlinks/plugins/blue_thermal_printer/ios`)
  - Flutter (from `Flutter`)
  - flutter_blue_plus (from `.symlinks/plugins/flutter_blue_plus/ios`)
  - za_blue_printer (from `.symlinks/plugins/za_blue_printer/ios`)

EXTERNAL SOURCES:
  blue_thermal_printer:
    :path: ".symlinks/plugins/blue_thermal_printer/ios"
  Flutter:
    :path: Flutter
  flutter_blue_plus:
    :path: ".symlinks/plugins/flutter_blue_plus/ios"
  za_blue_printer:
    :path: ".symlinks/plugins/za_blue_printer/ios"

SPEC CHECKSUMS:
  blue_thermal_printer: c83405103d2c17f8d67aaa43fcff94df5d616a66
  Flutter: f04841e97a9d0b0a8025694d0796dd46242b2854
  flutter_blue_plus: 4837da7d00cf5d441fdd6635b3a57f936778ea96
  za_blue_printer: e05cb457d62a8b709b34543fd8367cb5d5d121f4

PODFILE CHECKSUM: 70d9d25280d0dd177a5f637cdb0f0b0b12c6a189

COCOAPODS: 1.14.3
